<?xml version="1.0" encoding="utf-8"?>
<Project ToolsVersion="4.0" xmlns="http://schemas.microsoft.com/developer/msbuild/2003">
  <ItemGroup>
    <Filter Include="API">
      <UniqueIdentifier>{7a8ff138-89d0-481c-8012-da132ab072bf}</UniqueIdentifier>
    </Filter>
    <Filter Include="Main">
      <UniqueIdentifier>{97525afe-d017-4745-b219-af0b027ac49f}</UniqueIdentifier>
    </Filter>
    <Filter Include="API\src">
      <UniqueIdentifier>{a2fe4797-9ce7-4d2b-a7ae-48c4f5016886}</UniqueIdentifier>
    </Filter>
  </ItemGroup>
  <ItemGroup>
    <ClInclude Include="API\APIMain.h">
      <Filter>API</Filter>
    </ClInclude>
    <ClInclude Include="SimpleIni.h" />
    <ClInclude Include="API\DirectXMgr.h">
      <Filter>API</Filter>
    </ClInclude>
    <ClInclude Include="API\StoCMgr.h">
      <Filter>API</Filter>
    </ClInclude>
    <ClInclude Include="API\MemoryMgr.h">
      <Filter>API</Filter>
    </ClInclude>
    <ClInclude Include="API\GameThreadMgr.h">
      <Filter>API</Filter>
    </ClInclude>
    <ClInclude Include="API\APIncludes.h">
      <Filter>API</Filter>
    </ClInclude>
    <ClInclude Include="API\CtoSMgr.h">
      <Filter>API</Filter>
    </ClInclude>
    <ClInclude Include="API\AgentMgr.h">
      <Filter>API</Filter>
    </ClInclude>
    <ClInclude Include="API\GWAPIMgr.h">
      <Filter>API</Filter>
    </ClInclude>
    <ClInclude Include="API\SkillbarMgr.h">
      <Filter>API</Filter>
    </ClInclude>
    <ClInclude Include="API\EffectMgr.h">
      <Filter>API</Filter>
    </ClInclude>
  </ItemGroup>
  <ItemGroup>
    <ClCompile Include="main.cpp">
      <Filter>Main</Filter>
    </ClCompile>
    <ClCompile Include="API\DirectXMgr.cpp">
      <Filter>API\src</Filter>
    </ClCompile>
    <ClCompile Include="API\StoCMgr.cpp">
      <Filter>API\src</Filter>
    </ClCompile>
    <ClCompile Include="API\MemoryMgr.cpp">
      <Filter>API\src</Filter>
    </ClCompile>
    <ClCompile Include="API\GameThreadMgr.cpp">
      <Filter>API\src</Filter>
    </ClCompile>
    <ClCompile Include="API\CtoSMgr.cpp">
      <Filter>API\src</Filter>
    </ClCompile>
    <ClCompile Include="API\AgentMgr.cpp">
      <Filter>API\src</Filter>
    </ClCompile>
    <ClCompile Include="API\GWAPIMgr.cpp">
      <Filter>API\src</Filter>
    </ClCompile>
    <ClCompile Include="API\SkillbarMgr.cpp">
      <Filter>API\src</Filter>
    </ClCompile>
    <ClCompile Include="API\EffectMgr.cpp">
      <Filter>API\src</Filter>
    </ClCompile>
  </ItemGroup>
</Project>