<?xml version="1.0" encoding="utf-8"?>
<Project ToolsVersion="4.0" xmlns="http://schemas.microsoft.com/developer/msbuild/2003">
  <ItemGroup>
    <Filter Include="disasm">
      <UniqueIdentifier>{b45d386e-87c5-4e30-b9c6-a4397e122c75}</UniqueIdentifier>
    </Filter>
    <Filter Include="Source">
      <UniqueIdentifier>{693d29f9-ab1a-40e4-b990-54ff8f636002}</UniqueIdentifier>
    </Filter>
  </ItemGroup>
  <ItemGroup>
    <ClInclude Include="API\disasm\ld32.h">
      <Filter>disasm</Filter>
    </ClInclude>
    <ClInclude Include="API\AgentMgr.h" />
    <ClInclude Include="API\APIMain.h" />
    <ClInclude Include="API\APIncludes.h" />
    <ClInclude Include="API\ChatMgr.h" />
    <ClInclude Include="API\CtoSMgr.h" />
    <ClInclude Include="API\DirectXMgr.h" />
    <ClInclude Include="API\EffectMgr.h" />
    <ClInclude Include="API\GameThreadMgr.h" />
    <ClInclude Include="API\GuildMgr.h" />
    <ClInclude Include="API\GWAPIMgr.h" />
    <ClInclude Include="API\GwConstants.h" />
    <ClInclude Include="API\GwConstantsMaps.h" />
    <ClInclude Include="API\GwConstantsSkills.h" />
    <ClInclude Include="API\GWStructures.h" />
    <ClInclude Include="API\Hooker.h" />
    <ClInclude Include="API\ItemMgr.h" />
    <ClInclude Include="API\MapMgr.h" />
    <ClInclude Include="API\MemoryMgr.h" />
    <ClInclude Include="API\MerchantMgr.h" />
    <ClInclude Include="API\SkillbarMgr.h" />
  </ItemGroup>
  <ItemGroup>
    <ClCompile Include="API\AgentMgr.cpp">
      <Filter>Source</Filter>
    </ClCompile>
    <ClCompile Include="API\ChatMgr.cpp">
      <Filter>Source</Filter>
    </ClCompile>
    <ClCompile Include="API\CtoSMgr.cpp">
      <Filter>Source</Filter>
    </ClCompile>
    <ClCompile Include="API\DirectXMgr.cpp">
      <Filter>Source</Filter>
    </ClCompile>
    <ClCompile Include="API\EffectMgr.cpp">
      <Filter>Source</Filter>
    </ClCompile>
    <ClCompile Include="API\GameThreadMgr.cpp">
      <Filter>Source</Filter>
    </ClCompile>
    <ClCompile Include="API\GWAPIMgr.cpp">
      <Filter>Source</Filter>
    </ClCompile>
    <ClCompile Include="API\Hooker.cpp">
      <Filter>Source</Filter>
    </ClCompile>
    <ClCompile Include="API\ItemMgr.cpp">
      <Filter>Source</Filter>
    </ClCompile>
    <ClCompile Include="API\MapMgr.cpp">
      <Filter>Source</Filter>
    </ClCompile>
    <ClCompile Include="API\MemoryMgr.cpp">
      <Filter>Source</Filter>
    </ClCompile>
    <ClCompile Include="API\MerchantMgr.cpp">
      <Filter>Source</Filter>
    </ClCompile>
    <ClCompile Include="API\SkillbarMgr.cpp">
      <Filter>Source</Filter>
    </ClCompile>
    <ClCompile Include="API\GuildMgr.cpp">
      <Filter>Source</Filter>
    </ClCompile>
    <ClCompile Include="API\disasm\ld32.c">
      <Filter>disasm</Filter>
    </ClCompile>
  </ItemGroup>
</Project>