
Microsoft Visual Studio Solution File, Format Version 12.00
# Visual Studio 14
VisualStudioVersion = 14.0.25420.1
MinimumVisualStudioVersion = 10.0.40219.1
Project("{8BC9CEB8-8B4A-11D0-8D11-00A0C91BC942}") = "GWToolbox", "GWToolbox\GWToolbox.vcxproj", "{CDB9D1A9-9F47-4A0B-AB3C-BEF207BD289E}"
	ProjectSection(ProjectDependencies) = postProject
		{96B63001-4A94-430B-999D-39A27B205EB6} = {96B63001-4A94-430B-999D-39A27B205EB6}
		{89DC50EE-C3C2-437C-B416-DD43AC3743CC} = {89DC50EE-C3C2-437C-B416-DD43AC3743CC}
	EndProjectSection
EndProject
Project("{FAE04EC0-301F-11D3-BF4B-00C04F79EFBC}") = "CSLauncher", "CSLauncher\CSLauncher.csproj", "{588D4291-48BD-449E-BB02-D3D48C21C0A9}"
EndProject
Project("{8BC9CEB8-8B4A-11D0-8D11-00A0C91BC942}") = "GWCA_DX", "Dependencies\GWCA_DX\GWCA_DX_VS2013.vcxproj", "{96B63001-4A94-430B-999D-39A27B205EB6}"
EndProject
Project("{8BC9CEB8-8B4A-11D0-8D11-00A0C91BC942}") = "GWCA", "Dependencies\GWCA\GWCA.2013.vcxproj", "{89DC50EE-C3C2-437C-B416-DD43AC3743CC}"
EndProject
Global
	GlobalSection(SolutionConfigurationPlatforms) = preSolution
		Debug|Win32 = Debug|Win32
		Release|Win32 = Release|Win32
	EndGlobalSection
	GlobalSection(ProjectConfigurationPlatforms) = postSolution
		{CDB9D1A9-9F47-4A0B-AB3C-BEF207BD289E}.Debug|Win32.ActiveCfg = Debug|Win32
		{CDB9D1A9-9F47-4A0B-AB3C-BEF207BD289E}.Debug|Win32.Build.0 = Debug|Win32
		{CDB9D1A9-9F47-4A0B-AB3C-BEF207BD289E}.Release|Win32.ActiveCfg = Release|Win32
		{CDB9D1A9-9F47-4A0B-AB3C-BEF207BD289E}.Release|Win32.Build.0 = Release|Win32
		{588D4291-48BD-449E-BB02-D3D48C21C0A9}.Debug|Win32.ActiveCfg = Debug|Any CPU
		{588D4291-48BD-449E-BB02-D3D48C21C0A9}.Debug|Win32.Build.0 = Debug|Any CPU
		{588D4291-48BD-449E-BB02-D3D48C21C0A9}.Release|Win32.ActiveCfg = Release|Any CPU
		{588D4291-48BD-449E-BB02-D3D48C21C0A9}.Release|Win32.Build.0 = Release|Any CPU
		{96B63001-4A94-430B-999D-39A27B205EB6}.Debug|Win32.ActiveCfg = Debug|Win32
		{96B63001-4A94-430B-999D-39A27B205EB6}.Debug|Win32.Build.0 = Debug|Win32
		{96B63001-4A94-430B-999D-39A27B205EB6}.Release|Win32.ActiveCfg = Release|Win32
		{96B63001-4A94-430B-999D-39A27B205EB6}.Release|Win32.Build.0 = Release|Win32
		{89DC50EE-C3C2-437C-B416-DD43AC3743CC}.Debug|Win32.ActiveCfg = Debug|Win32
		{89DC50EE-C3C2-437C-B416-DD43AC3743CC}.Debug|Win32.Build.0 = Debug|Win32
		{89DC50EE-C3C2-437C-B416-DD43AC3743CC}.Release|Win32.ActiveCfg = Release|Win32
		{89DC50EE-C3C2-437C-B416-DD43AC3743CC}.Release|Win32.Build.0 = Release|Win32
	EndGlobalSection
	GlobalSection(SolutionProperties) = preSolution
		HideSolutionNode = FALSE
	EndGlobalSection
EndGlobal
