<?xml version="1.0" encoding="utf-8"?>
<Project ToolsVersion="4.0" xmlns="http://schemas.microsoft.com/developer/msbuild/2003">
  <ItemGroup>
    <ClCompile Include="main.cpp" />
    <ClCompile Include="Process.cpp" />
    <ClCompile Include="Download.cpp" />
    <ClCompile Include="Inject.cpp" />
    <ClCompile Include="Options.cpp" />
    <ClCompile Include="Install.cpp" />
    <ClCompile Include="Path.cpp" />
    <ClCompile Include="Str.cpp" />
    <ClCompile Include="Registry.cpp" />
    <ClCompile Include="stdafx.cpp" />
  </ItemGroup>
  <ItemGroup>
    <ClInclude Include="Process.h" />
    <ClInclude Include="Download.h" />
    <ClInclude Include="Inject.h" />
    <ClInclude Include="Options.h" />
    <ClInclude Include="Install.h" />
    <ClInclude Include="Path.h" />
    <ClInclude Include="Str.h" />
    <ClInclude Include="resource.h">
      <Filter>Ressources</Filter>
    </ClInclude>
    <ClInclude Include="Registry.h" />
    <ClInclude Include="stdafx.h" />
  </ItemGroup>
  <ItemGroup>
    <Filter Include="Ressources">
      <UniqueIdentifier>{2b6e2568-3dec-4b30-8084-0a7a363e003e}</UniqueIdentifier>
    </Filter>
  </ItemGroup>
  <ItemGroup>
    <ResourceCompile Include="GWToolbox.rc">
      <Filter>Ressources</Filter>
    </ResourceCompile>
  </ItemGroup>
  <ItemGroup>
    <Image Include="..\resources\gwtoolbox.ico">
      <Filter>Ressources</Filter>
    </Image>
  </ItemGroup>
</Project>