<?xml version="1.0" encoding="utf-8"?>
<Project ToolsVersion="4.0" xmlns="http://schemas.microsoft.com/developer/msbuild/2003">
  <ItemGroup>
    <Filter Include="imgui">
      <UniqueIdentifier>{4db1808e-6b4d-496d-8308-1167ab00639e}</UniqueIdentifier>
    </Filter>
    <Filter Include="Modules">
      <UniqueIdentifier>{1cf50e38-a872-4092-8e47-894f72ebe713}</UniqueIdentifier>
    </Filter>
    <Filter Include="Modules\ChatCommands">
      <UniqueIdentifier>{d71a28be-632e-4ddf-b627-8216ca3fde98}</UniqueIdentifier>
    </Filter>
    <Filter Include="Modules\ToolboxSettings">
      <UniqueIdentifier>{b09fa13c-917e-4438-b978-978e1516eb99}</UniqueIdentifier>
    </Filter>
    <Filter Include="Modules\GameSettings">
      <UniqueIdentifier>{7c170218-8a46-48ea-9b88-c28de5341fb6}</UniqueIdentifier>
    </Filter>
    <Filter Include="Modules\ChatFilter">
      <UniqueIdentifier>{3be842ce-7fa1-4260-a177-73f1e231242f}</UniqueIdentifier>
    </Filter>
    <Filter Include="Modules\Resources">
      <UniqueIdentifier>{ca154081-28c5-4b2b-93d2-dcf9ab2c396d}</UniqueIdentifier>
    </Filter>
    <Filter Include="Modules\Theme">
      <UniqueIdentifier>{36b6fd26-3bd4-4b3f-a6a7-0a9a973a3b0c}</UniqueIdentifier>
    </Filter>
    <Filter Include="Modules\Updater">
      <UniqueIdentifier>{6dc61691-4f75-4ff0-b2f7-5b6139a727c7}</UniqueIdentifier>
    </Filter>
    <Filter Include="Widgets">
      <UniqueIdentifier>{7372b4a6-b924-421c-aee8-c005b628c146}</UniqueIdentifier>
    </Filter>
    <Filter Include="Widgets\Distance">
      <UniqueIdentifier>{fbeb5788-cdfc-4876-95a2-6db9ce029758}</UniqueIdentifier>
    </Filter>
    <Filter Include="Widgets\Health">
      <UniqueIdentifier>{1b291bcd-827a-4ff8-83c6-c8cb641aa2f8}</UniqueIdentifier>
    </Filter>
    <Filter Include="Widgets\Timer">
      <UniqueIdentifier>{a198a88b-9177-4a4c-aaae-15001e5fed83}</UniqueIdentifier>
    </Filter>
    <Filter Include="Widgets\Minimap">
      <UniqueIdentifier>{0bd6729c-886d-4389-984e-3090392bd105}</UniqueIdentifier>
    </Filter>
    <Filter Include="Widgets\Clock">
      <UniqueIdentifier>{b6fa97a6-cc38-4a69-bc4b-672f192a2c67}</UniqueIdentifier>
    </Filter>
    <Filter Include="Widgets\Bonds">
      <UniqueIdentifier>{0960737e-8500-47dd-af04-72e67f34ddfe}</UniqueIdentifier>
    </Filter>
    <Filter Include="Widgets\Damage">
      <UniqueIdentifier>{47e6e76c-22bf-4151-9e40-ef731c1f4c9b}</UniqueIdentifier>
    </Filter>
    <Filter Include="Widgets\Vanquish">
      <UniqueIdentifier>{acc877c6-0def-46a0-b03b-cd84a555ed68}</UniqueIdentifier>
    </Filter>
    <Filter Include="Widgets\Alcohol">
      <UniqueIdentifier>{686bc0d4-37d4-43ce-8569-cb7d9dfd1e28}</UniqueIdentifier>
    </Filter>
    <Filter Include="Windows">
      <UniqueIdentifier>{3eda78ba-9481-4130-92cf-e248ec0bda9c}</UniqueIdentifier>
    </Filter>
    <Filter Include="Windows\Builds">
      <UniqueIdentifier>{281802a2-6e99-4643-8bb1-24d49379808c}</UniqueIdentifier>
    </Filter>
    <Filter Include="Windows\Hotkeys">
      <UniqueIdentifier>{08f1a537-cc72-449b-8fc7-be6285f656d7}</UniqueIdentifier>
    </Filter>
    <Filter Include="Windows\Settings">
      <UniqueIdentifier>{744c682f-c899-4414-967d-a722234170cc}</UniqueIdentifier>
    </Filter>
    <Filter Include="Windows\Pcons">
      <UniqueIdentifier>{d2bfc54f-2087-499d-9115-c45d667d2981}</UniqueIdentifier>
    </Filter>
    <Filter Include="Windows\Travel">
      <UniqueIdentifier>{624fe487-72db-4894-a784-fb22fe444f1c}</UniqueIdentifier>
    </Filter>
    <Filter Include="Windows\Dialogs">
      <UniqueIdentifier>{860d578b-a03b-401e-9334-3415f5a12f0b}</UniqueIdentifier>
    </Filter>
    <Filter Include="Windows\Info">
      <UniqueIdentifier>{076e2b66-b6f2-42cf-b9cd-2f991fea2cfb}</UniqueIdentifier>
    </Filter>
    <Filter Include="Windows\Materials">
      <UniqueIdentifier>{dd4ea2fb-9e11-4117-b6db-cc2cf2303926}</UniqueIdentifier>
    </Filter>
    <Filter Include="Windows\MainWindow">
      <UniqueIdentifier>{699075b0-bfc3-4e1f-a343-c57b8f105f01}</UniqueIdentifier>
    </Filter>
    <Filter Include="Windows\Notepad">
      <UniqueIdentifier>{f2c5506d-d857-49bc-a04c-fda72918c542}</UniqueIdentifier>
    </Filter>
    <Filter Include="Resources">
      <UniqueIdentifier>{554c14f1-8688-4e1d-a4db-5e272596d3e3}</UniqueIdentifier>
    </Filter>
    <Filter Include="Resources\Icons">
      <UniqueIdentifier>{ae651573-e7e7-4562-b764-31bd964c36fe}</UniqueIdentifier>
    </Filter>
    <Filter Include="Resources\pcons">
      <UniqueIdentifier>{8261b255-947a-4fca-a447-4b7ca9a981df}</UniqueIdentifier>
    </Filter>
    <Filter Include="Resources\materials">
      <UniqueIdentifier>{597e0ccc-c99f-4f62-bb91-5a1491776c53}</UniqueIdentifier>
    </Filter>
    <Filter Include="Resources\bonds">
      <UniqueIdentifier>{8deb1198-ba79-4d65-9a5f-6c6d5935a32c}</UniqueIdentifier>
    </Filter>
    <Filter Include="Windows\HeroBuilds">
      <UniqueIdentifier>{9453adc8-19e1-455a-8fbe-0385b23a387f}</UniqueIdentifier>
    </Filter>
    <Filter Include="Windows\Trade">
      <UniqueIdentifier>{7895c2d6-b2da-4eab-8bc7-de0dffbed27b}</UniqueIdentifier>
    </Filter>
    <Filter Include="Windows\ObjectiveTimer">
      <UniqueIdentifier>{fbeb8ca4-3b54-4f10-81f7-e7fa90a8e7ac}</UniqueIdentifier>
    </Filter>
    <Filter Include="utf8proc">
      <UniqueIdentifier>{52973ab6-dfdc-4b2a-9368-285b25aad81d}</UniqueIdentifier>
    </Filter>
  </ItemGroup>
  <ItemGroup>
    <ClInclude Include="GWToolbox\GuiUtils.h" />
    <ClInclude Include="GWToolbox\GWToolbox.h" />
    <ClInclude Include="GWToolbox\logger.h" />
    <ClInclude Include="GWToolbox\Timer.h" />
    <ClInclude Include="GWToolbox\Defines.h" />
    <ClInclude Include="..\Dependencies\imgui\imconfig.h">
      <Filter>imgui</Filter>
    </ClInclude>
    <ClInclude Include="..\Dependencies\imgui\imgui.h">
      <Filter>imgui</Filter>
    </ClInclude>
    <ClInclude Include="..\Dependencies\imgui\imgui_internal.h">
      <Filter>imgui</Filter>
    </ClInclude>
    <ClInclude Include="..\Dependencies\imgui\stb_rect_pack.h">
      <Filter>imgui</Filter>
    </ClInclude>
    <ClInclude Include="..\Dependencies\imgui\stb_textedit.h">
      <Filter>imgui</Filter>
    </ClInclude>
    <ClInclude Include="..\Dependencies\imgui\stb_truetype.h">
      <Filter>imgui</Filter>
    </ClInclude>
    <ClInclude Include="GWToolbox\ToolboxModule.h" />
    <ClInclude Include="GWToolbox\Color.h" />
    <ClInclude Include="GWToolbox\Windows\MainWindow.h">
      <Filter>Windows\MainWindow</Filter>
    </ClInclude>
    <ClInclude Include="GWToolbox\Windows\NotePadWindow.h">
      <Filter>Windows\Notepad</Filter>
    </ClInclude>
    <ClInclude Include="GWToolbox\ToolboxWindow.h" />
    <ClInclude Include="GWToolbox\ImGuiAddons.h" />
    <ClInclude Include="GWToolbox\ToolboxUIElement.h" />
    <ClInclude Include="GWToolbox\ToolboxWidget.h" />
    <ClInclude Include="GWToolbox\Widgets\AlcoholWidget.h">
      <Filter>Widgets\Alcohol</Filter>
    </ClInclude>
    <ClInclude Include="GWToolbox\Widgets\PartyDamage.h">
      <Filter>Widgets\Damage</Filter>
    </ClInclude>
    <ClInclude Include="GWToolbox\Widgets\Minimap\AgentRenderer.h">
      <Filter>Widgets\Minimap</Filter>
    </ClInclude>
    <ClInclude Include="GWToolbox\Widgets\Minimap\CustomRenderer.h">
      <Filter>Widgets\Minimap</Filter>
    </ClInclude>
    <ClInclude Include="GWToolbox\Widgets\Minimap\D3DVertex.h">
      <Filter>Widgets\Minimap</Filter>
    </ClInclude>
    <ClInclude Include="GWToolbox\Widgets\Minimap\Minimap.h">
      <Filter>Widgets\Minimap</Filter>
    </ClInclude>
    <ClInclude Include="GWToolbox\Widgets\Minimap\PingsLinesRenderer.h">
      <Filter>Widgets\Minimap</Filter>
    </ClInclude>
    <ClInclude Include="GWToolbox\Widgets\Minimap\PmapRenderer.h">
      <Filter>Widgets\Minimap</Filter>
    </ClInclude>
    <ClInclude Include="GWToolbox\Widgets\Minimap\RangeRenderer.h">
      <Filter>Widgets\Minimap</Filter>
    </ClInclude>
    <ClInclude Include="GWToolbox\Widgets\Minimap\SymbolsRenderer.h">
      <Filter>Widgets\Minimap</Filter>
    </ClInclude>
    <ClInclude Include="GWToolbox\Widgets\Minimap\VBuffer.h">
      <Filter>Widgets\Minimap</Filter>
    </ClInclude>
    <ClInclude Include="GWToolbox\Windows\Hotkeys.h">
      <Filter>Windows\Hotkeys</Filter>
    </ClInclude>
    <ClInclude Include="GWToolbox\Windows\Pcons.h">
      <Filter>Windows\Pcons</Filter>
    </ClInclude>
    <ClInclude Include="GWToolbox\Modules\ChatCommands.h">
      <Filter>Modules\ChatCommands</Filter>
    </ClInclude>
    <ClInclude Include="GWToolbox\Modules\ChatFilter.h">
      <Filter>Modules\ChatFilter</Filter>
    </ClInclude>
    <ClInclude Include="GWToolbox\Modules\GameSettings.h">
      <Filter>Modules\GameSettings</Filter>
    </ClInclude>
    <ClInclude Include="GWToolbox\Modules\Resources.h">
      <Filter>Modules\Resources</Filter>
    </ClInclude>
    <ClInclude Include="GWToolbox\Modules\ToolboxTheme.h">
      <Filter>Modules\Theme</Filter>
    </ClInclude>
    <ClInclude Include="GWToolbox\Modules\ToolboxSettings.h">
      <Filter>Modules\ToolboxSettings</Filter>
    </ClInclude>
    <ClInclude Include="GWToolbox\Modules\Updater.h">
      <Filter>Modules\Updater</Filter>
    </ClInclude>
    <ClInclude Include="GWToolbox\Windows\BuildsWindow.h">
      <Filter>Windows\Builds</Filter>
    </ClInclude>
    <ClInclude Include="GWToolbox\Windows\DialogsWindow.h">
      <Filter>Windows\Dialogs</Filter>
    </ClInclude>
    <ClInclude Include="GWToolbox\Windows\HotkeysWindow.h">
      <Filter>Windows\Hotkeys</Filter>
    </ClInclude>
    <ClInclude Include="GWToolbox\Windows\InfoWindow.h">
      <Filter>Windows\Info</Filter>
    </ClInclude>
    <ClInclude Include="GWToolbox\Windows\MaterialsWindow.h">
      <Filter>Windows\Materials</Filter>
    </ClInclude>
    <ClInclude Include="GWToolbox\Windows\PconsWindow.h">
      <Filter>Windows\Pcons</Filter>
    </ClInclude>
    <ClInclude Include="GWToolbox\Windows\SettingsWindow.h">
      <Filter>Windows\Settings</Filter>
    </ClInclude>
    <ClInclude Include="GWToolbox\Windows\TravelWindow.h">
      <Filter>Windows\Travel</Filter>
    </ClInclude>
    <ClInclude Include="GWToolbox\Widgets\BondsWidget.h">
      <Filter>Widgets\Bonds</Filter>
    </ClInclude>
    <ClInclude Include="GWToolbox\Widgets\ClockWidget.h">
      <Filter>Widgets\Clock</Filter>
    </ClInclude>
    <ClInclude Include="GWToolbox\Widgets\DistanceWidget.h">
      <Filter>Widgets\Distance</Filter>
    </ClInclude>
    <ClInclude Include="GWToolbox\Widgets\HealthWidget.h">
      <Filter>Widgets\Health</Filter>
    </ClInclude>
    <ClInclude Include="GWToolbox\Widgets\TimerWidget.h">
      <Filter>Widgets\Timer</Filter>
    </ClInclude>
    <ClInclude Include="GWToolbox\Widgets\VanquishWidget.h">
      <Filter>Widgets\Vanquish</Filter>
    </ClInclude>
    <ClInclude Include="resource.h">
      <Filter>Resources</Filter>
    </ClInclude>
    <ClInclude Include="GWToolbox\imgui_impl_dx9.h">
      <Filter>imgui</Filter>
    </ClInclude>
    <ClInclude Include="GWToolbox\CursorFix.h" />
    <ClInclude Include="GWToolbox\Windows\HeroBuildsWindow.h">
      <Filter>Windows\HeroBuilds</Filter>
    </ClInclude>
    <ClInclude Include="GWToolbox\Keys.h" />
    <ClInclude Include="GWToolbox\Utf8.h" />
    <ClInclude Include="..\Dependencies\easywsclient\easywsclient.hpp">
      <Filter>Windows\Trade</Filter>
    </ClInclude>
    <ClInclude Include="GWToolbox\CircurlarBuffer.h" />
    <ClInclude Include="GWToolbox\Windows\ObjectiveTimerWindow.h">
      <Filter>Windows\ObjectiveTimer</Filter>
    </ClInclude>
    <ClInclude Include="..\Dependencies\utf8proc\utf8proc.h">
      <Filter>utf8proc</Filter>
    </ClInclude>
    <ClInclude Include="GWToolbox\Windows\FactionLeaderboardWindow.h" />
    <ClInclude Include="GWToolbox\stdafx.h" />
    <ClInclude Include="GWToolbox\Utils\RateLimiter.h" />
    <ClInclude Include="GWToolbox\Windows\DailyQuests.h" />
    <ClInclude Include="GWToolbox\Windows\DoorMonitorWindow.h" />
    <ClInclude Include="GWToolbox\Windows\PacketLoggerWindow.h" />
    <ClInclude Include="GWToolbox\Windows\SkillListingWindow.h" />
    <ClInclude Include="GWToolbox\Windows\StringDecoderWindow.h" />
    <ClInclude Include="GWToolbox\Modules\DiscordModule.h" />
    <ClInclude Include="..\Dependencies\discord_game_sdk\c\discord_game_sdk.h" />
    <ClInclude Include="GWToolbox\base64.h" />
    <ClInclude Include="GWToolbox\sha1.hpp" />
    <ClInclude Include="GWToolbox\IRC.h" />
    <ClInclude Include="GWToolbox\Windows\FriendListWindow.h" />
    <ClInclude Include="GWToolbox\Modules\TwitchModule.h" />
    <ClInclude Include="GWToolbox\Modules\PartyWindowModule.h" />
    <ClInclude Include="GWToolbox\mp3.h" />
    <ClInclude Include="GWToolbox\Modules\ZrawDeepModule.h" />
    <ClInclude Include="GWToolbox\Widgets\Minimap\EffectRenderer.h" />
    <ClInclude Include="GWToolbox\Windows\TradeWindow.h" />
    <ClInclude Include="GWToolbox\Modules\AprilFools.h" />
    <ClInclude Include="GWToolbox\Modules\InventoryManager.h" />
    <ClInclude Include="GWToolbox\d3dx9_dynamic.h" />
  </ItemGroup>
  <ItemGroup>
    <ClCompile Include="GWToolbox\main.cpp" />
    <ClCompile Include="GWToolbox\GWToolbox.cpp" />
    <ClCompile Include="GWToolbox\logger.cpp" />
    <ClCompile Include="..\Dependencies\imgui\imgui.cpp">
      <Filter>imgui</Filter>
    </ClCompile>
    <ClCompile Include="..\Dependencies\imgui\imgui_demo.cpp">
      <Filter>imgui</Filter>
    </ClCompile>
    <ClCompile Include="..\Dependencies\imgui\imgui_draw.cpp">
      <Filter>imgui</Filter>
    </ClCompile>
    <ClCompile Include="GWToolbox\ToolboxModule.cpp" />
    <ClCompile Include="GWToolbox\Windows\MainWindow.cpp">
      <Filter>Windows\MainWindow</Filter>
    </ClCompile>
    <ClCompile Include="GWToolbox\Windows\NotePadWindow.cpp">
      <Filter>Windows\Notepad</Filter>
    </ClCompile>
    <ClCompile Include="GWToolbox\GuiUtils.cpp" />
    <ClCompile Include="GWToolbox\ImGuiAddons.cpp" />
    <ClCompile Include="GWToolbox\ToolboxWidget.cpp" />
    <ClCompile Include="GWToolbox\ToolboxWindow.cpp" />
    <ClCompile Include="GWToolbox\ToolboxUIElement.cpp" />
    <ClCompile Include="GWToolbox\Widgets\AlcoholWidget.cpp">
      <Filter>Widgets\Alcohol</Filter>
    </ClCompile>
    <ClCompile Include="GWToolbox\Widgets\PartyDamage.cpp">
      <Filter>Widgets\Damage</Filter>
    </ClCompile>
    <ClCompile Include="GWToolbox\Widgets\Minimap\AgentRenderer.cpp">
      <Filter>Widgets\Minimap</Filter>
    </ClCompile>
    <ClCompile Include="GWToolbox\Widgets\Minimap\CustomRenderer.cpp">
      <Filter>Widgets\Minimap</Filter>
    </ClCompile>
    <ClCompile Include="GWToolbox\Widgets\Minimap\Minimap.cpp">
      <Filter>Widgets\Minimap</Filter>
    </ClCompile>
    <ClCompile Include="GWToolbox\Widgets\Minimap\PingsLinesRenderer.cpp">
      <Filter>Widgets\Minimap</Filter>
    </ClCompile>
    <ClCompile Include="GWToolbox\Widgets\Minimap\PmapRenderer.cpp">
      <Filter>Widgets\Minimap</Filter>
    </ClCompile>
    <ClCompile Include="GWToolbox\Widgets\Minimap\RangeRenderer.cpp">
      <Filter>Widgets\Minimap</Filter>
    </ClCompile>
    <ClCompile Include="GWToolbox\Widgets\Minimap\SymbolsRenderer.cpp">
      <Filter>Widgets\Minimap</Filter>
    </ClCompile>
    <ClCompile Include="GWToolbox\Windows\Hotkeys.cpp">
      <Filter>Windows\Hotkeys</Filter>
    </ClCompile>
    <ClCompile Include="GWToolbox\Windows\Pcons.cpp">
      <Filter>Windows\Pcons</Filter>
    </ClCompile>
    <ClCompile Include="GWToolbox\Modules\ChatCommands.cpp">
      <Filter>Modules\ChatCommands</Filter>
    </ClCompile>
    <ClCompile Include="GWToolbox\Modules\ChatFilter.cpp">
      <Filter>Modules\ChatFilter</Filter>
    </ClCompile>
    <ClCompile Include="GWToolbox\Modules\GameSettings.cpp">
      <Filter>Modules\GameSettings</Filter>
    </ClCompile>
    <ClCompile Include="GWToolbox\Modules\Resources.cpp">
      <Filter>Modules\Resources</Filter>
    </ClCompile>
    <ClCompile Include="GWToolbox\Modules\ToolboxTheme.cpp">
      <Filter>Modules\Theme</Filter>
    </ClCompile>
    <ClCompile Include="GWToolbox\Modules\ToolboxSettings.cpp">
      <Filter>Modules\ToolboxSettings</Filter>
    </ClCompile>
    <ClCompile Include="GWToolbox\Modules\Updater.cpp">
      <Filter>Modules\Updater</Filter>
    </ClCompile>
    <ClCompile Include="GWToolbox\Windows\BuildsWindow.cpp">
      <Filter>Windows\Builds</Filter>
    </ClCompile>
    <ClCompile Include="GWToolbox\Windows\DialogsWindow.cpp">
      <Filter>Windows\Dialogs</Filter>
    </ClCompile>
    <ClCompile Include="GWToolbox\Windows\HotkeysWindow.cpp">
      <Filter>Windows\Hotkeys</Filter>
    </ClCompile>
    <ClCompile Include="GWToolbox\Windows\InfoWindow.cpp">
      <Filter>Windows\Info</Filter>
    </ClCompile>
    <ClCompile Include="GWToolbox\Windows\MaterialsWindow.cpp">
      <Filter>Windows\Materials</Filter>
    </ClCompile>
    <ClCompile Include="GWToolbox\Windows\PconsWindow.cpp">
      <Filter>Windows\Pcons</Filter>
    </ClCompile>
    <ClCompile Include="GWToolbox\Windows\SettingsWindow.cpp">
      <Filter>Windows\Settings</Filter>
    </ClCompile>
    <ClCompile Include="GWToolbox\Windows\TravelWindow.cpp">
      <Filter>Windows\Travel</Filter>
    </ClCompile>
    <ClCompile Include="GWToolbox\Widgets\BondsWidget.cpp">
      <Filter>Widgets\Bonds</Filter>
    </ClCompile>
    <ClCompile Include="GWToolbox\Widgets\ClockWidget.cpp">
      <Filter>Widgets\Clock</Filter>
    </ClCompile>
    <ClCompile Include="GWToolbox\Widgets\DistanceWidget.cpp">
      <Filter>Widgets\Distance</Filter>
    </ClCompile>
    <ClCompile Include="GWToolbox\Widgets\HealthWidget.cpp">
      <Filter>Widgets\Health</Filter>
    </ClCompile>
    <ClCompile Include="GWToolbox\Widgets\TimerWidget.cpp">
      <Filter>Widgets\Timer</Filter>
    </ClCompile>
    <ClCompile Include="GWToolbox\Widgets\VanquishWidget.cpp">
      <Filter>Widgets\Vanquish</Filter>
    </ClCompile>
    <ClCompile Include="GWToolbox\imgui_impl_dx9.cpp">
      <Filter>imgui</Filter>
    </ClCompile>
    <ClCompile Include="GWToolbox\CursorFix.cpp" />
    <ClCompile Include="GWToolbox\Windows\HeroBuildsWindow.cpp">
      <Filter>Windows\HeroBuilds</Filter>
    </ClCompile>
    <ClCompile Include="..\Dependencies\easywsclient\easywsclient.cpp">
      <Filter>Windows\Trade</Filter>
    </ClCompile>
    <ClCompile Include="GWToolbox\Utf8.cpp" />
    <ClCompile Include="GWToolbox\Windows\ObjectiveTimerWindow.cpp">
      <Filter>Windows\ObjectiveTimer</Filter>
    </ClCompile>
    <ClCompile Include="..\Dependencies\utf8proc\utf8proc.c">
      <Filter>utf8proc</Filter>
    </ClCompile>
    <ClCompile Include="..\Dependencies\utf8proc\utf8proc_data.c">
      <Filter>utf8proc</Filter>
    </ClCompile>
    <ClCompile Include="..\Dependencies\imgui\imgui_widgets.cpp">
      <Filter>imgui</Filter>
    </ClCompile>
    <ClCompile Include="GWToolbox\Windows\FactionLeaderboardWindow.cpp" />
    <ClCompile Include="GWToolbox\stdafx.cpp" />
    <ClCompile Include="GWToolbox\Utils\RateLimiter.cpp" />
    <ClCompile Include="GWToolbox\Windows\DailyQuests.cpp" />
    <ClCompile Include="GWToolbox\Windows\DoorMonitorWindow.cpp" />
    <ClCompile Include="GWToolbox\Windows\PacketLoggerWindow.cpp" />
    <ClCompile Include="GWToolbox\Windows\SkillListingWindow.cpp" />
    <ClCompile Include="GWToolbox\Windows\StringDecoderWindow.cpp" />
    <ClCompile Include="GWToolbox\Modules\DiscordModule.cpp" />
    <ClCompile Include="GWToolbox\base64.cpp" />
    <ClCompile Include="GWToolbox\sha1.cpp" />
    <ClCompile Include="GWToolbox\IRC.cc" />
    <ClCompile Include="GWToolbox\Windows\FriendListWindow.cpp" />
    <ClCompile Include="GWToolbox\Modules\TwitchModule.cpp" />
    <ClCompile Include="GWToolbox\Modules\PartyWindowModule.cpp" />
    <ClCompile Include="GWToolbox\mp3.cpp" />
    <ClCompile Include="GWToolbox\Modules\ZrawDeepModule.cpp" />
    <ClCompile Include="GWToolbox\Widgets\Minimap\EffectRenderer.cpp" />
    <ClCompile Include="GWToolbox\Windows\TradeWindow.cpp" />
    <ClCompile Include="GWToolbox\Modules\AprilFools.cpp" />
    <ClCompile Include="GWToolbox\Modules\InventoryManager.cpp" />
    <ClCompile Include="GWToolbox\d3dx9_dynamic.cpp" />
  </ItemGroup>
  <ItemGroup>
    <ResourceCompile Include="GWToolbox.rc">
      <Filter>Resources</Filter>
    </ResourceCompile>
  </ItemGroup>
  <ItemGroup>
    <Image Include="..\resources\materials\Armor_of_Salvation.png">
      <Filter>Resources\materials</Filter>
    </Image>
    <Image Include="..\resources\materials\Powerstone_of_Courage.png">
      <Filter>Resources\materials</Filter>
    </Image>
    <Image Include="..\resources\materials\Scroll_of_Resurrection.png">
      <Filter>Resources\materials</Filter>
    </Image>
    <Image Include="..\resources\materials\Grail_of_Might.png">
      <Filter>Resources\materials</Filter>
    </Image>
    <Image Include="..\resources\materials\Essence_of_Celerity.png">
      <Filter>Resources\materials</Filter>
    </Image>
    <Image Include="..\resources\icons\airplane.png">
      <Filter>Resources\Icons</Filter>
    </Image>
    <Image Include="..\resources\icons\cupcake.png">
      <Filter>Resources\Icons</Filter>
    </Image>
    <Image Include="..\resources\icons\dialogue.png">
      <Filter>Resources\Icons</Filter>
    </Image>
    <Image Include="..\resources\icons\feather.png">
      <Filter>Resources\Icons</Filter>
    </Image>
    <Image Include="..\resources\icons\info.png">
      <Filter>Resources\Icons</Filter>
    </Image>
    <Image Include="..\resources\icons\keyboard.png">
      <Filter>Resources\Icons</Filter>
    </Image>
    <Image Include="..\resources\icons\list.png">
      <Filter>Resources\Icons</Filter>
    </Image>
    <Image Include="..\resources\icons\settings.png">
      <Filter>Resources\Icons</Filter>
    </Image>
    <Image Include="..\resources\pcons\Armor_of_Salvation.png">
      <Filter>Resources\pcons</Filter>
    </Image>
    <Image Include="..\resources\pcons\Birthday_Cupcake.png">
      <Filter>Resources\pcons</Filter>
    </Image>
    <Image Include="..\resources\pcons\Blue_Rock_Candy.png">
      <Filter>Resources\pcons</Filter>
    </Image>
    <Image Include="..\resources\pcons\Bottle_of_Grog.png">
      <Filter>Resources\pcons</Filter>
    </Image>
    <Image Include="..\resources\pcons\Bowl_of_Skalefin_Soup.png">
      <Filter>Resources\pcons</Filter>
    </Image>
    <Image Include="..\resources\pcons\Candy_Apple.png">
      <Filter>Resources\pcons</Filter>
    </Image>
    <Image Include="..\resources\pcons\Candy_Corn.png">
      <Filter>Resources\pcons</Filter>
    </Image>
    <Image Include="..\resources\pcons\Drake_Kabob.png">
      <Filter>Resources\pcons</Filter>
    </Image>
    <Image Include="..\resources\pcons\Dwarven_Ale.png">
      <Filter>Resources\pcons</Filter>
    </Image>
    <Image Include="..\resources\pcons\Essence_of_Celerity.png">
      <Filter>Resources\pcons</Filter>
    </Image>
    <Image Include="..\resources\pcons\Fruitcake.png">
      <Filter>Resources\pcons</Filter>
    </Image>
    <Image Include="..\resources\pcons\Golden_Egg.png">
      <Filter>Resources\pcons</Filter>
    </Image>
    <Image Include="..\resources\pcons\Grail_of_Might.png">
      <Filter>Resources\pcons</Filter>
    </Image>
    <Image Include="..\resources\pcons\Green_Rock_Candy.png">
      <Filter>Resources\pcons</Filter>
    </Image>
    <Image Include="..\resources\pcons\Lunar_Fortune.png">
      <Filter>Resources\pcons</Filter>
    </Image>
    <Image Include="..\resources\pcons\Pahnai_Salad.png">
      <Filter>Resources\pcons</Filter>
    </Image>
    <Image Include="..\resources\pcons\Red_Rock_Candy.png">
      <Filter>Resources\pcons</Filter>
    </Image>
    <Image Include="..\resources\pcons\Slice_of_Pumpkin_Pie.png">
      <Filter>Resources\pcons</Filter>
    </Image>
    <Image Include="..\resources\pcons\Sugary_Blue_Drink.png">
      <Filter>Resources\pcons</Filter>
    </Image>
    <Image Include="..\resources\pcons\War_Supplies.png">
      <Filter>Resources\pcons</Filter>
    </Image>
    <Image Include="..\resources\bonds\Balthazar%27s_Spirit.png">
      <Filter>Resources\bonds</Filter>
    </Image>
    <Image Include="..\resources\bonds\Essence_Bond.png">
      <Filter>Resources\bonds</Filter>
    </Image>
    <Image Include="..\resources\bonds\Vital_Blessing.png">
      <Filter>Resources\bonds</Filter>
    </Image>
    <Image Include="..\resources\bonds\Watchful_Spirit.png">
      <Filter>Resources\bonds</Filter>
    </Image>
    <Image Include="..\resources\bonds\Succor.png">
      <Filter>Resources\bonds</Filter>
    </Image>
    <Image Include="..\resources\bonds\Strength_of_Honor.png">
      <Filter>Resources\bonds</Filter>
    </Image>
    <Image Include="..\resources\bonds\Retribution.png">
      <Filter>Resources\bonds</Filter>
    </Image>
    <Image Include="..\resources\bonds\Purifying_Veil.png">
      <Filter>Resources\bonds</Filter>
    </Image>
    <Image Include="..\resources\bonds\Protective_Bond.png">
      <Filter>Resources\bonds</Filter>
    </Image>
    <Image Include="..\resources\bonds\Mending.png">
      <Filter>Resources\bonds</Filter>
    </Image>
    <Image Include="..\resources\bonds\Live_Vicariously.png">
      <Filter>Resources\bonds</Filter>
    </Image>
    <Image Include="..\resources\bonds\Life_Bond.png">
      <Filter>Resources\bonds</Filter>
    </Image>
    <Image Include="..\resources\bonds\Life_Barrier.png">
      <Filter>Resources\bonds</Filter>
    </Image>
    <Image Include="..\resources\bonds\Life_Attunement.png">
      <Filter>Resources\bonds</Filter>
    </Image>
    <Image Include="..\resources\bonds\Holy_Veil.png">
      <Filter>Resources\bonds</Filter>
    </Image>
  </ItemGroup>
</Project>