<?xml version="1.0" encoding="utf-8"?>
<Project ToolsVersion="4.0" xmlns="http://schemas.microsoft.com/developer/msbuild/2003">
  <ItemGroup>
    <Filter Include="Headers">
      <UniqueIdentifier>{93995380-89BD-4b04-88EB-625FBE52EBFB}</UniqueIdentifier>
      <Extensions>h;hpp;hxx;hm;inl;inc;xsd</Extensions>
    </Filter>
    <Filter Include="Headers\Controls">
      <UniqueIdentifier>{0cc12cc2-d3c0-4caf-964f-f2c510ffb8eb}</UniqueIdentifier>
    </Filter>
    <Filter Include="Headers\Drawing">
      <UniqueIdentifier>{91911dc6-61e2-47d6-9571-45cded2a4484}</UniqueIdentifier>
    </Filter>
    <Filter Include="Headers\Misc">
      <UniqueIdentifier>{051ab02c-6b0e-48bf-a6a8-656a9601b3fe}</UniqueIdentifier>
    </Filter>
    <Filter Include="Headers\Input">
      <UniqueIdentifier>{ee74dda6-2f4c-468a-bf93-d2d18dc0871a}</UniqueIdentifier>
    </Filter>
    <Filter Include="Headers\Event">
      <UniqueIdentifier>{63bf4eaa-b6cf-4c51-841e-8236167ee55c}</UniqueIdentifier>
    </Filter>
    <Filter Include="Headers\Cursor">
      <UniqueIdentifier>{650cd9c3-da37-49ad-a1b1-ecf844352dd9}</UniqueIdentifier>
    </Filter>
    <Filter Include="Source">
      <UniqueIdentifier>{4FC737F1-C7A5-4376-A066-2A32D752A2FF}</UniqueIdentifier>
      <Extensions>cpp;c;cc;cxx;def;odl;idl;hpj;bat;asm;asmx</Extensions>
    </Filter>
    <Filter Include="Source\Controls">
      <UniqueIdentifier>{b4e91939-5fc5-4d0b-b459-0616872ec3e8}</UniqueIdentifier>
    </Filter>
    <Filter Include="Source\Cursor">
      <UniqueIdentifier>{d330fe9c-71f3-44ce-bf19-78d10e6ad72f}</UniqueIdentifier>
    </Filter>
    <Filter Include="Source\Drawing">
      <UniqueIdentifier>{08406e09-332e-4034-8c12-dcb078eeaa7e}</UniqueIdentifier>
    </Filter>
    <Filter Include="Source\Event">
      <UniqueIdentifier>{041d73fb-c294-4af7-bf6d-4e5e66da3b22}</UniqueIdentifier>
    </Filter>
    <Filter Include="Source\Input">
      <UniqueIdentifier>{b475d918-a52b-49e0-a8e6-b502f70699ec}</UniqueIdentifier>
    </Filter>
    <Filter Include="Source\Misc">
      <UniqueIdentifier>{a0300167-5492-4504-ba3c-a60d925a3ed3}</UniqueIdentifier>
    </Filter>
    <Filter Include="Source\Drawing\Direct3D9">
      <UniqueIdentifier>{408c6eb8-08bb-4ed0-b391-8357c67db864}</UniqueIdentifier>
    </Filter>
  </ItemGroup>
  <ItemGroup>
    <ClCompile Include="OSHGui\Application.cpp">
      <Filter>Source</Filter>
    </ClCompile>
    <ClCompile Include="OSHGui\FormManager.cpp">
      <Filter>Source</Filter>
    </ClCompile>
    <ClCompile Include="OSHGui\Misc\DateTime.cpp">
      <Filter>Source\Misc</Filter>
    </ClCompile>
    <ClCompile Include="OSHGui\Misc\Exceptions.cpp">
      <Filter>Source\Misc</Filter>
    </ClCompile>
    <ClCompile Include="OSHGui\Misc\RawDataContainer.cpp">
      <Filter>Source\Misc</Filter>
    </ClCompile>
    <ClCompile Include="OSHGui\Misc\Strings.cpp">
      <Filter>Source\Misc</Filter>
    </ClCompile>
    <ClCompile Include="OSHGui\Misc\TextHelper.cpp">
      <Filter>Source\Misc</Filter>
    </ClCompile>
    <ClCompile Include="OSHGui\Misc\TimeSpan.cpp">
      <Filter>Source\Misc</Filter>
    </ClCompile>
    <ClCompile Include="OSHGui\Input\WindowsMessage.cpp">
      <Filter>Source\Input</Filter>
    </ClCompile>
    <ClCompile Include="OSHGui\Input\WindowsMessageThreaded.cpp">
      <Filter>Source\Input</Filter>
    </ClCompile>
    <ClCompile Include="OSHGui\Drawing\Color.cpp">
      <Filter>Source\Drawing</Filter>
    </ClCompile>
    <ClCompile Include="OSHGui\Drawing\ColorRectangle.cpp">
      <Filter>Source\Drawing</Filter>
    </ClCompile>
    <ClCompile Include="OSHGui\Drawing\CustomizableImage.cpp">
      <Filter>Source\Drawing</Filter>
    </ClCompile>
    <ClCompile Include="OSHGui\Drawing\Font.cpp">
      <Filter>Source\Drawing</Filter>
    </ClCompile>
    <ClCompile Include="OSHGui\Drawing\FontManager.cpp">
      <Filter>Source\Drawing</Filter>
    </ClCompile>
    <ClCompile Include="OSHGui\Drawing\FreeTypeFont.cpp">
      <Filter>Source\Drawing</Filter>
    </ClCompile>
    <ClCompile Include="OSHGui\Drawing\GeometryBuffer.cpp">
      <Filter>Source\Drawing</Filter>
    </ClCompile>
    <ClCompile Include="OSHGui\Drawing\Graphics.cpp">
      <Filter>Source\Drawing</Filter>
    </ClCompile>
    <ClCompile Include="OSHGui\Drawing\Image.cpp">
      <Filter>Source\Drawing</Filter>
    </ClCompile>
    <ClCompile Include="OSHGui\Drawing\ImageGraphics.cpp">
      <Filter>Source\Drawing</Filter>
    </ClCompile>
    <ClCompile Include="OSHGui\Drawing\ImageLoader.cpp">
      <Filter>Source\Drawing</Filter>
    </ClCompile>
    <ClCompile Include="OSHGui\Drawing\RenderQueue.cpp">
      <Filter>Source\Drawing</Filter>
    </ClCompile>
    <ClCompile Include="OSHGui\Drawing\RenderSurface.cpp">
      <Filter>Source\Drawing</Filter>
    </ClCompile>
    <ClCompile Include="OSHGui\Drawing\RenderTarget.cpp">
      <Filter>Source\Drawing</Filter>
    </ClCompile>
    <ClCompile Include="OSHGui\Drawing\Theme.cpp">
      <Filter>Source\Drawing</Filter>
    </ClCompile>
    <ClCompile Include="OSHGui\Drawing\Vector.cpp">
      <Filter>Source\Drawing</Filter>
    </ClCompile>
    <ClCompile Include="OSHGui\Cursor\Circle.cpp">
      <Filter>Source\Cursor</Filter>
    </ClCompile>
    <ClCompile Include="OSHGui\Cursor\Cursor.cpp">
      <Filter>Source\Cursor</Filter>
    </ClCompile>
    <ClCompile Include="OSHGui\Cursor\Cursors.cpp">
      <Filter>Source\Cursor</Filter>
    </ClCompile>
    <ClCompile Include="OSHGui\Cursor\Hand.cpp">
      <Filter>Source\Cursor</Filter>
    </ClCompile>
    <ClCompile Include="OSHGui\Cursor\IBeam.cpp">
      <Filter>Source\Cursor</Filter>
    </ClCompile>
    <ClCompile Include="OSHGui\Cursor\Pen.cpp">
      <Filter>Source\Cursor</Filter>
    </ClCompile>
    <ClCompile Include="OSHGui\Cursor\Pipette.cpp">
      <Filter>Source\Cursor</Filter>
    </ClCompile>
    <ClCompile Include="OSHGui\Cursor\Wait.cpp">
      <Filter>Source\Cursor</Filter>
    </ClCompile>
    <ClCompile Include="OSHGui\Controls\Button.cpp">
      <Filter>Source\Controls</Filter>
    </ClCompile>
    <ClCompile Include="OSHGui\Controls\CheckBox.cpp">
      <Filter>Source\Controls</Filter>
    </ClCompile>
    <ClCompile Include="OSHGui\Controls\ColorBar.cpp">
      <Filter>Source\Controls</Filter>
    </ClCompile>
    <ClCompile Include="OSHGui\Controls\ColorPicker.cpp">
      <Filter>Source\Controls</Filter>
    </ClCompile>
    <ClCompile Include="OSHGui\Controls\ComboBox.cpp">
      <Filter>Source\Controls</Filter>
    </ClCompile>
    <ClCompile Include="OSHGui\Controls\Control.cpp">
      <Filter>Source\Controls</Filter>
    </ClCompile>
    <ClCompile Include="OSHGui\Controls\Form.cpp">
      <Filter>Source\Controls</Filter>
    </ClCompile>
    <ClCompile Include="OSHGui\Controls\GroupBox.cpp">
      <Filter>Source\Controls</Filter>
    </ClCompile>
    <ClCompile Include="OSHGui\Controls\HotkeyControl.cpp">
      <Filter>Source\Controls</Filter>
    </ClCompile>
    <ClCompile Include="OSHGui\Controls\Label.cpp">
      <Filter>Source\Controls</Filter>
    </ClCompile>
    <ClCompile Include="OSHGui\Controls\ListBox.cpp">
      <Filter>Source\Controls</Filter>
    </ClCompile>
    <ClCompile Include="OSHGui\Controls\MessageBox.cpp">
      <Filter>Source\Controls</Filter>
    </ClCompile>
    <ClCompile Include="OSHGui\Controls\Panel.cpp">
      <Filter>Source\Controls</Filter>
    </ClCompile>
    <ClCompile Include="OSHGui\Controls\PictureBox.cpp">
      <Filter>Source\Controls</Filter>
    </ClCompile>
    <ClCompile Include="OSHGui\Controls\ProgressBar.cpp">
      <Filter>Source\Controls</Filter>
    </ClCompile>
    <ClCompile Include="OSHGui\Controls\RadioButton.cpp">
      <Filter>Source\Controls</Filter>
    </ClCompile>
    <ClCompile Include="OSHGui\Controls\ScrollBar.cpp">
      <Filter>Source\Controls</Filter>
    </ClCompile>
    <ClCompile Include="OSHGui\Controls\TabControl.cpp">
      <Filter>Source\Controls</Filter>
    </ClCompile>
    <ClCompile Include="OSHGui\Controls\TabPage.cpp">
      <Filter>Source\Controls</Filter>
    </ClCompile>
    <ClCompile Include="OSHGui\Controls\TextBox.cpp">
      <Filter>Source\Controls</Filter>
    </ClCompile>
    <ClCompile Include="OSHGui\Controls\Timer.cpp">
      <Filter>Source\Controls</Filter>
    </ClCompile>
    <ClCompile Include="OSHGui\Controls\TrackBar.cpp">
      <Filter>Source\Controls</Filter>
    </ClCompile>
    <ClCompile Include="OSHGui\Controls\LinkLabel.cpp">
      <Filter>Source\Controls</Filter>
    </ClCompile>
    <ClCompile Include="OSHGui\Input\Input.cpp">
      <Filter>Source\Input</Filter>
    </ClCompile>
    <ClCompile Include="OSHGui\Drawing\Direct3D9\Direct3D9GeometryBuffer.cpp">
      <Filter>Source\Drawing\Direct3D9</Filter>
    </ClCompile>
    <ClCompile Include="OSHGui\Drawing\Direct3D9\Direct3D9Renderer.cpp">
      <Filter>Source\Drawing\Direct3D9</Filter>
    </ClCompile>
    <ClCompile Include="OSHGui\Drawing\Direct3D9\Direct3D9Texture.cpp">
      <Filter>Source\Drawing\Direct3D9</Filter>
    </ClCompile>
    <ClCompile Include="OSHGui\Drawing\Direct3D9\Direct3D9TextureTarget.cpp">
      <Filter>Source\Drawing\Direct3D9</Filter>
    </ClCompile>
    <ClCompile Include="OSHGui\Drawing\Direct3D9\Direct3D9ViewportTarget.cpp">
      <Filter>Source\Drawing\Direct3D9</Filter>
    </ClCompile>
    <ClCompile Include="OSHGui\Controls\ScrollPanel.cpp">
      <Filter>Source\Controls</Filter>
    </ClCompile>
  </ItemGroup>
  <ItemGroup>
    <ClInclude Include="OSHGui\Misc\ConcurrendQueue.hpp">
      <Filter>Headers\Misc</Filter>
    </ClInclude>
    <ClInclude Include="OSHGui\Misc\Intersection.hpp">
      <Filter>Headers\Misc</Filter>
    </ClInclude>
    <ClInclude Include="OSHGui\Misc\ReverseIterator.hpp">
      <Filter>Headers\Misc</Filter>
    </ClInclude>
    <ClInclude Include="OSHGui\Misc\Any.hpp">
      <Filter>Headers\Misc</Filter>
    </ClInclude>
    <ClInclude Include="OSHGui\Misc\Exceptions.hpp">
      <Filter>Headers\Misc</Filter>
    </ClInclude>
    <ClInclude Include="OSHGui\Misc\DateTime.hpp">
      <Filter>Headers\Misc</Filter>
    </ClInclude>
    <ClInclude Include="OSHGui\Misc\RawDataContainer.hpp">
      <Filter>Headers\Misc</Filter>
    </ClInclude>
    <ClInclude Include="OSHGui\Misc\Strings.hpp">
      <Filter>Headers\Misc</Filter>
    </ClInclude>
    <ClInclude Include="OSHGui\Misc\TextHelper.hpp">
      <Filter>Headers\Misc</Filter>
    </ClInclude>
    <ClInclude Include="OSHGui\Misc\TimeSpan.hpp">
      <Filter>Headers\Misc</Filter>
    </ClInclude>
    <ClInclude Include="OSHGui\Application.hpp">
      <Filter>Headers</Filter>
    </ClInclude>
    <ClInclude Include="OSHGui\Exports.hpp">
      <Filter>Headers</Filter>
    </ClInclude>
    <ClInclude Include="OSHGui\FormManager.hpp">
      <Filter>Headers</Filter>
    </ClInclude>
    <ClInclude Include="OSHGui\OSHGui.hpp">
      <Filter>Headers</Filter>
    </ClInclude>
    <ClInclude Include="OSHGui\Input\WindowsMessage.hpp">
      <Filter>Headers\Input</Filter>
    </ClInclude>
    <ClInclude Include="OSHGui\Input\WindowsMessageThreaded.hpp">
      <Filter>Headers\Input</Filter>
    </ClInclude>
    <ClInclude Include="OSHGui\Event\Event.hpp">
      <Filter>Headers\Event</Filter>
    </ClInclude>
    <ClInclude Include="OSHGui\Event\EventHandler.hpp">
      <Filter>Headers\Event</Filter>
    </ClInclude>
    <ClInclude Include="OSHGui\Event\Hotkey.hpp">
      <Filter>Headers\Event</Filter>
    </ClInclude>
    <ClInclude Include="OSHGui\Event\Key.hpp">
      <Filter>Headers\Event</Filter>
    </ClInclude>
    <ClInclude Include="OSHGui\Event\KeyboardMessage.hpp">
      <Filter>Headers\Event</Filter>
    </ClInclude>
    <ClInclude Include="OSHGui\Event\KeyEventArgs.hpp">
      <Filter>Headers\Event</Filter>
    </ClInclude>
    <ClInclude Include="OSHGui\Event\KeyPressEventArgs.hpp">
      <Filter>Headers\Event</Filter>
    </ClInclude>
    <ClInclude Include="OSHGui\Event\MouseButton.hpp">
      <Filter>Headers\Event</Filter>
    </ClInclude>
    <ClInclude Include="OSHGui\Event\MouseEventArgs.hpp">
      <Filter>Headers\Event</Filter>
    </ClInclude>
    <ClInclude Include="OSHGui\Event\MouseMessage.hpp">
      <Filter>Headers\Event</Filter>
    </ClInclude>
    <ClInclude Include="OSHGui\Event\ScrollEventArgs.hpp">
      <Filter>Headers\Event</Filter>
    </ClInclude>
    <ClInclude Include="OSHGui\Drawing\ImageLoader.hpp">
      <Filter>Headers\Drawing</Filter>
    </ClInclude>
    <ClInclude Include="OSHGui\Drawing\Point.hpp">
      <Filter>Headers\Drawing</Filter>
    </ClInclude>
    <ClInclude Include="OSHGui\Drawing\Quaternion.hpp">
      <Filter>Headers\Drawing</Filter>
    </ClInclude>
    <ClInclude Include="OSHGui\Drawing\Rectangle.hpp">
      <Filter>Headers\Drawing</Filter>
    </ClInclude>
    <ClInclude Include="OSHGui\Drawing\RenderContext.hpp">
      <Filter>Headers\Drawing</Filter>
    </ClInclude>
    <ClInclude Include="OSHGui\Drawing\Renderer.hpp">
      <Filter>Headers\Drawing</Filter>
    </ClInclude>
    <ClInclude Include="OSHGui\Drawing\RenderQueue.hpp">
      <Filter>Headers\Drawing</Filter>
    </ClInclude>
    <ClInclude Include="OSHGui\Drawing\RenderSurface.hpp">
      <Filter>Headers\Drawing</Filter>
    </ClInclude>
    <ClInclude Include="OSHGui\Drawing\RenderTarget.hpp">
      <Filter>Headers\Drawing</Filter>
    </ClInclude>
    <ClInclude Include="OSHGui\Drawing\Size.hpp">
      <Filter>Headers\Drawing</Filter>
    </ClInclude>
    <ClInclude Include="OSHGui\Drawing\Texture.hpp">
      <Filter>Headers\Drawing</Filter>
    </ClInclude>
    <ClInclude Include="OSHGui\Drawing\TextureTarget.hpp">
      <Filter>Headers\Drawing</Filter>
    </ClInclude>
    <ClInclude Include="OSHGui\Drawing\Theme.hpp">
      <Filter>Headers\Drawing</Filter>
    </ClInclude>
    <ClInclude Include="OSHGui\Drawing\Vector.hpp">
      <Filter>Headers\Drawing</Filter>
    </ClInclude>
    <ClInclude Include="OSHGui\Drawing\Vertex.hpp">
      <Filter>Headers\Drawing</Filter>
    </ClInclude>
    <ClInclude Include="OSHGui\Drawing\Color.hpp">
      <Filter>Headers\Drawing</Filter>
    </ClInclude>
    <ClInclude Include="OSHGui\Drawing\ColorRectangle.hpp">
      <Filter>Headers\Drawing</Filter>
    </ClInclude>
    <ClInclude Include="OSHGui\Drawing\CustomizableImage.hpp">
      <Filter>Headers\Drawing</Filter>
    </ClInclude>
    <ClInclude Include="OSHGui\Drawing\Font.hpp">
      <Filter>Headers\Drawing</Filter>
    </ClInclude>
    <ClInclude Include="OSHGui\Drawing\FontGlyph.hpp">
      <Filter>Headers\Drawing</Filter>
    </ClInclude>
    <ClInclude Include="OSHGui\Drawing\FontManager.hpp">
      <Filter>Headers\Drawing</Filter>
    </ClInclude>
    <ClInclude Include="OSHGui\Drawing\FreeTypeFont.hpp">
      <Filter>Headers\Drawing</Filter>
    </ClInclude>
    <ClInclude Include="OSHGui\Drawing\GeometryBuffer.hpp">
      <Filter>Headers\Drawing</Filter>
    </ClInclude>
    <ClInclude Include="OSHGui\Drawing\Graphics.hpp">
      <Filter>Headers\Drawing</Filter>
    </ClInclude>
    <ClInclude Include="OSHGui\Drawing\Image.hpp">
      <Filter>Headers\Drawing</Filter>
    </ClInclude>
    <ClInclude Include="OSHGui\Drawing\ImageGraphics.hpp">
      <Filter>Headers\Drawing</Filter>
    </ClInclude>
    <ClInclude Include="OSHGui\Cursor\Circle.hpp">
      <Filter>Headers\Cursor</Filter>
    </ClInclude>
    <ClInclude Include="OSHGui\Cursor\Cursor.hpp">
      <Filter>Headers\Cursor</Filter>
    </ClInclude>
    <ClInclude Include="OSHGui\Cursor\Cursors.hpp">
      <Filter>Headers\Cursor</Filter>
    </ClInclude>
    <ClInclude Include="OSHGui\Cursor\Hand.hpp">
      <Filter>Headers\Cursor</Filter>
    </ClInclude>
    <ClInclude Include="OSHGui\Cursor\IBeam.hpp">
      <Filter>Headers\Cursor</Filter>
    </ClInclude>
    <ClInclude Include="OSHGui\Cursor\Pen.hpp">
      <Filter>Headers\Cursor</Filter>
    </ClInclude>
    <ClInclude Include="OSHGui\Cursor\Pipette.hpp">
      <Filter>Headers\Cursor</Filter>
    </ClInclude>
    <ClInclude Include="OSHGui\Cursor\Wait.hpp">
      <Filter>Headers\Cursor</Filter>
    </ClInclude>
    <ClInclude Include="OSHGui\Controls\Button.hpp">
      <Filter>Headers\Controls</Filter>
    </ClInclude>
    <ClInclude Include="OSHGui\Controls\CheckBox.hpp">
      <Filter>Headers\Controls</Filter>
    </ClInclude>
    <ClInclude Include="OSHGui\Controls\ColorBar.hpp">
      <Filter>Headers\Controls</Filter>
    </ClInclude>
    <ClInclude Include="OSHGui\Controls\ColorPicker.hpp">
      <Filter>Headers\Controls</Filter>
    </ClInclude>
    <ClInclude Include="OSHGui\Controls\ComboBox.hpp">
      <Filter>Headers\Controls</Filter>
    </ClInclude>
    <ClInclude Include="OSHGui\Controls\Control.hpp">
      <Filter>Headers\Controls</Filter>
    </ClInclude>
    <ClInclude Include="OSHGui\Controls\Form.hpp">
      <Filter>Headers\Controls</Filter>
    </ClInclude>
    <ClInclude Include="OSHGui\Controls\GroupBox.hpp">
      <Filter>Headers\Controls</Filter>
    </ClInclude>
    <ClInclude Include="OSHGui\Controls\HotkeyControl.hpp">
      <Filter>Headers\Controls</Filter>
    </ClInclude>
    <ClInclude Include="OSHGui\Controls\Label.hpp">
      <Filter>Headers\Controls</Filter>
    </ClInclude>
    <ClInclude Include="OSHGui\Controls\ListBox.hpp">
      <Filter>Headers\Controls</Filter>
    </ClInclude>
    <ClInclude Include="OSHGui\Controls\MessageBox.hpp">
      <Filter>Headers\Controls</Filter>
    </ClInclude>
    <ClInclude Include="OSHGui\Controls\Panel.hpp">
      <Filter>Headers\Controls</Filter>
    </ClInclude>
    <ClInclude Include="OSHGui\Controls\PictureBox.hpp">
      <Filter>Headers\Controls</Filter>
    </ClInclude>
    <ClInclude Include="OSHGui\Controls\ProgressBar.hpp">
      <Filter>Headers\Controls</Filter>
    </ClInclude>
    <ClInclude Include="OSHGui\Controls\ScrollBar.hpp">
      <Filter>Headers\Controls</Filter>
    </ClInclude>
    <ClInclude Include="OSHGui\Controls\TabControl.hpp">
      <Filter>Headers\Controls</Filter>
    </ClInclude>
    <ClInclude Include="OSHGui\Controls\TabPage.hpp">
      <Filter>Headers\Controls</Filter>
    </ClInclude>
    <ClInclude Include="OSHGui\Controls\TextBox.hpp">
      <Filter>Headers\Controls</Filter>
    </ClInclude>
    <ClInclude Include="OSHGui\Controls\Timer.hpp">
      <Filter>Headers\Controls</Filter>
    </ClInclude>
    <ClInclude Include="OSHGui\Controls\TrackBar.hpp">
      <Filter>Headers\Controls</Filter>
    </ClInclude>
    <ClInclude Include="OSHGui\Controls\LinkLabel.hpp">
      <Filter>Headers\Controls</Filter>
    </ClInclude>
    <ClInclude Include="OSHGui\Controls\RadioButton.hpp">
      <Filter>Headers\Controls</Filter>
    </ClInclude>
    <ClInclude Include="OSHGui\Input\Input.hpp">
      <Filter>Headers\Input</Filter>
    </ClInclude>
    <ClInclude Include="OSHGui\Drawing\Direct3D9\Direct3D9GeometryBuffer.hpp">
      <Filter>Source\Drawing\Direct3D9</Filter>
    </ClInclude>
    <ClInclude Include="OSHGui\Drawing\Direct3D9\Direct3D9Renderer.hpp">
      <Filter>Source\Drawing\Direct3D9</Filter>
    </ClInclude>
    <ClInclude Include="OSHGui\Drawing\Direct3D9\Direct3D9RenderTarget.hpp">
      <Filter>Source\Drawing\Direct3D9</Filter>
    </ClInclude>
    <ClInclude Include="OSHGui\Drawing\Direct3D9\Direct3D9Texture.hpp">
      <Filter>Source\Drawing\Direct3D9</Filter>
    </ClInclude>
    <ClInclude Include="OSHGui\Drawing\Direct3D9\Direct3D9TextureTarget.hpp">
      <Filter>Source\Drawing\Direct3D9</Filter>
    </ClInclude>
    <ClInclude Include="OSHGui\Drawing\Direct3D9\Direct3D9ViewportTarget.hpp">
      <Filter>Source\Drawing\Direct3D9</Filter>
    </ClInclude>
    <ClInclude Include="OSHGui\Controls\ScrollPanel.hpp">
      <Filter>Headers\Controls</Filter>
    </ClInclude>
  </ItemGroup>
</Project>